
Microsoft Visual Studio Solution File, Format Version 12.00
# Visual Studio Version 17
VisualStudioVersion = 17.9.34902.65
MinimumVisualStudioVersion = 10.0.40219.1
Project("{FAE04EC0-301F-11D3-BF4B-00C04F79EFBC}") = "ChessLogic", "ChessLogic\ChessLogic.csproj", "{BF61A493-6CAB-457E-A230-9F77DF49CB3E}"
EndProject
Project("{FAE04EC0-301F-11D3-BF4B-00C04F79EFBC}") = "ChessUI", "ChessUI\ChessUI.csproj", "{385423D9-16A8-4154-9ACD-687E717AA79B}"
EndProject
Global
	GlobalSection(SolutionConfigurationPlatforms) = preSolution
		Debug|Any CPU = Debug|Any CPU
		Release|Any CPU = Release|Any CPU
	EndGlobalSection
	GlobalSection(ProjectConfigurationPlatforms) = postSolution
		{BF61A493-6CAB-457E-A230-9F77DF49CB3E}.Debug|Any CPU.ActiveCfg = Debug|Any CPU
		{BF61A493-6CAB-457E-A230-9F77DF49CB3E}.Debug|Any CPU.Build.0 = Debug|Any CPU
		{BF61A493-6CAB-457E-A230-9F77DF49CB3E}.Release|Any CPU.ActiveCfg = Release|Any CPU
		{BF61A493-6CAB-457E-A230-9F77DF49CB3E}.Release|Any CPU.Build.0 = Release|Any CPU
		{385423D9-16A8-4154-9ACD-687E717AA79B}.Debug|Any CPU.ActiveCfg = Debug|Any CPU
		{385423D9-16A8-4154-9ACD-687E717AA79B}.Debug|Any CPU.Build.0 = Debug|Any CPU
		{385423D9-16A8-4154-9ACD-687E717AA79B}.Release|Any CPU.ActiveCfg = Release|Any CPU
		{385423D9-16A8-4154-9ACD-687E717AA79B}.Release|Any CPU.Build.0 = Release|Any CPU
	EndGlobalSection
	GlobalSection(SolutionProperties) = preSolution
		HideSolutionNode = FALSE
	EndGlobalSection
	GlobalSection(ExtensibilityGlobals) = postSolution
		SolutionGuid = {D242A119-8741-4F34-908E-48694372FC1B}
	EndGlobalSection
EndGlobal
